
Microsoft Visual Studio Solution File, Format Version 11.00
# Visual Studio 2010
Project("{FAE04EC0-301F-11D3-BF4B-00C04F79EFBC}") = "autonomousCarSimulation", "Assembly-CSharp-firstpass.csproj", "{E3660B25-8DC1-1317-9BC1-0CED732D970F}"
EndProject
Project("{FAE04EC0-301F-11D3-BF4B-00C04F79EFBC}") = "autonomousCarSimulation", "Assembly-CSharp.csproj", "{494E5961-E302-3B48-B1BD-C76B4B8F63FF}"
EndProject
Project("{FAE04EC0-301F-11D3-BF4B-00C04F79EFBC}") = "autonomousCarSimulation", "Assembly-CSharp-Editor-firstpass.csproj", "{98D66A42-5155-3FB9-5EC9-749C550C6A98}"
EndProject
Global
	GlobalSection(SolutionConfigurationPlatforms) = preSolution
		Debug|Any CPU = Debug|Any CPU
		Release|Any CPU = Release|Any CPU
	EndGlobalSection
	GlobalSection(ProjectConfigurationPlatforms) = postSolution
		{E3660B25-8DC1-1317-9BC1-0CED732D970F}.Debug|Any CPU.ActiveCfg = Debug|Any CPU
		{E3660B25-8DC1-1317-9BC1-0CED732D970F}.Debug|Any CPU.Build.0 = Debug|Any CPU
		{E3660B25-8DC1-1317-9BC1-0CED732D970F}.Release|Any CPU.ActiveCfg = Release|Any CPU
		{E3660B25-8DC1-1317-9BC1-0CED732D970F}.Release|Any CPU.Build.0 = Release|Any CPU
		{494E5961-E302-3B48-B1BD-C76B4B8F63FF}.Debug|Any CPU.ActiveCfg = Debug|Any CPU
		{494E5961-E302-3B48-B1BD-C76B4B8F63FF}.Debug|Any CPU.Build.0 = Debug|Any CPU
		{494E5961-E302-3B48-B1BD-C76B4B8F63FF}.Release|Any CPU.ActiveCfg = Release|Any CPU
		{494E5961-E302-3B48-B1BD-C76B4B8F63FF}.Release|Any CPU.Build.0 = Release|Any CPU
		{98D66A42-5155-3FB9-5EC9-749C550C6A98}.Debug|Any CPU.ActiveCfg = Debug|Any CPU
		{98D66A42-5155-3FB9-5EC9-749C550C6A98}.Debug|Any CPU.Build.0 = Debug|Any CPU
		{98D66A42-5155-3FB9-5EC9-749C550C6A98}.Release|Any CPU.ActiveCfg = Release|Any CPU
		{98D66A42-5155-3FB9-5EC9-749C550C6A98}.Release|Any CPU.Build.0 = Release|Any CPU
	EndGlobalSection
	GlobalSection(SolutionProperties) = preSolution
		HideSolutionNode = FALSE
	EndGlobalSection
	GlobalSection(MonoDevelopProperties) = preSolution
		StartupItem = Assembly-CSharp.csproj
	EndGlobalSection
EndGlobal
